
Microsoft Visual Studio Solution File, Format Version 12.00
# Visual Studio Version 16
VisualStudioVersion = 16.0.31829.152
MinimumVisualStudioVersion = 10.0.40219.1
Project("{8BC9CEB8-8B4A-11D0-8D11-00A0C91BC942}") = "RichiMajong", "RichiMajong.vcxproj", "{D6AE7818-AEFD-4FE8-A2E8-155D55337CF7}"
EndProject
Global
	GlobalSection(SolutionConfigurationPlatforms) = preSolution
		Debug|x64 = Debug|x64
		Debug|x86 = Debug|x86
		Release|x64 = Release|x64
		Release|x86 = Release|x86
	EndGlobalSection
	GlobalSection(ProjectConfigurationPlatforms) = postSolution
		{D6AE7818-AEFD-4FE8-A2E8-155D55337CF7}.Debug|x64.ActiveCfg = Debug|x64
		{D6AE7818-AEFD-4FE8-A2E8-155D55337CF7}.Debug|x64.Build.0 = Debug|x64
		{D6AE7818-AEFD-4FE8-A2E8-155D55337CF7}.Debug|x86.ActiveCfg = Debug|Win32
		{D6AE7818-AEFD-4FE8-A2E8-155D55337CF7}.Debug|x86.Build.0 = Debug|Win32
		{D6AE7818-AEFD-4FE8-A2E8-155D55337CF7}.Release|x64.ActiveCfg = Release|x64
		{D6AE7818-AEFD-4FE8-A2E8-155D55337CF7}.Release|x64.Build.0 = Release|x64
		{D6AE7818-AEFD-4FE8-A2E8-155D55337CF7}.Release|x86.ActiveCfg = Release|Win32
		{D6AE7818-AEFD-4FE8-A2E8-155D55337CF7}.Release|x86.Build.0 = Release|Win32
	EndGlobalSection
	GlobalSection(SolutionProperties) = preSolution
		HideSolutionNode = FALSE
	EndGlobalSection
	GlobalSection(ExtensibilityGlobals) = postSolution
		SolutionGuid = {34F126CA-1719-4C04-8116-0FDA8B10EBE2}
	EndGlobalSection
EndGlobal
